
Microsoft Visual Studio Solution File, Format Version 12.00
# Visual Studio Version 16
VisualStudioVersion = 16.0.29201.188
MinimumVisualStudioVersion = 10.0.40219.1
Project("{9A19103F-16F7-4668-BE54-9A1E7A4F7556}") = "SignalR Proxy", "SignalR Proxy\SignalR Proxy.csproj", "{D975F3A1-D690-4E1D-8DDA-B60551312422}"
EndProject
Global
	GlobalSection(SolutionConfigurationPlatforms) = preSolution
		Debug|Any CPU = Debug|Any CPU
		Release|Any CPU = Release|Any CPU
	EndGlobalSection
	GlobalSection(ProjectConfigurationPlatforms) = postSolution
		{D975F3A1-D690-4E1D-8DDA-B60551312422}.Debug|Any CPU.ActiveCfg = Debug|Any CPU
		{D975F3A1-D690-4E1D-8DDA-B60551312422}.Debug|Any CPU.Build.0 = Debug|Any CPU
		{D975F3A1-D690-4E1D-8DDA-B60551312422}.Release|Any CPU.ActiveCfg = Release|Any CPU
		{D975F3A1-D690-4E1D-8DDA-B60551312422}.Release|Any CPU.Build.0 = Release|Any CPU
	EndGlobalSection
	GlobalSection(SolutionProperties) = preSolution
		HideSolutionNode = FALSE
	EndGlobalSection
	GlobalSection(ExtensibilityGlobals) = postSolution
		SolutionGuid = {BB4D07F9-AA20-4177-B42E-34F29C39244B}
	EndGlobalSection
EndGlobal
